
Microsoft Visual Studio Solution File, Format Version 12.00
# Visual Studio 15
VisualStudioVersion = 15.0.28307.779
MinimumVisualStudioVersion = 10.0.40219.1
Project("{FAE04EC0-301F-11D3-BF4B-00C04F79EFBC}") = "CaseStudy", "CaseStudy\CaseStudy.csproj", "{EB93E44E-D1F6-4092-9D24-3782738FE412}"
EndProject
Project("{FAE04EC0-301F-11D3-BF4B-00C04F79EFBC}") = "CaseStudy.tests", "CaseStudy.tests\CaseStudy.tests.csproj", "{F560E70C-EC39-48EA-8A9C-F2290B9B046E}"
EndProject
Global
	GlobalSection(SolutionConfigurationPlatforms) = preSolution
		Debug|Any CPU = Debug|Any CPU
		Release|Any CPU = Release|Any CPU
	EndGlobalSection
	GlobalSection(ProjectConfigurationPlatforms) = postSolution
		{EB93E44E-D1F6-4092-9D24-3782738FE412}.Debug|Any CPU.ActiveCfg = Debug|Any CPU
		{EB93E44E-D1F6-4092-9D24-3782738FE412}.Debug|Any CPU.Build.0 = Debug|Any CPU
		{EB93E44E-D1F6-4092-9D24-3782738FE412}.Release|Any CPU.ActiveCfg = Release|Any CPU
		{EB93E44E-D1F6-4092-9D24-3782738FE412}.Release|Any CPU.Build.0 = Release|Any CPU
		{F560E70C-EC39-48EA-8A9C-F2290B9B046E}.Debug|Any CPU.ActiveCfg = Debug|Any CPU
		{F560E70C-EC39-48EA-8A9C-F2290B9B046E}.Debug|Any CPU.Build.0 = Debug|Any CPU
		{F560E70C-EC39-48EA-8A9C-F2290B9B046E}.Release|Any CPU.ActiveCfg = Release|Any CPU
		{F560E70C-EC39-48EA-8A9C-F2290B9B046E}.Release|Any CPU.Build.0 = Release|Any CPU
	EndGlobalSection
	GlobalSection(SolutionProperties) = preSolution
		HideSolutionNode = FALSE
	EndGlobalSection
	GlobalSection(ExtensibilityGlobals) = postSolution
		SolutionGuid = {C69F7AEE-1B3D-4B88-ABEE-40CC6CC1A294}
	EndGlobalSection
EndGlobal
